
Microsoft Visual Studio Solution File, Format Version 12.00
# Visual Studio Version 17
VisualStudioVersion = 17.8.34408.163
MinimumVisualStudioVersion = 10.0.40219.1
Project("{C9674DCB-5085-4A16-B785-4C70DD1589BD}") = "0359_Vo_Dang_Vinh_ETL3", "0359_Vo_Dang_Vinh_ETL3\0359_Vo_Dang_Vinh_ETL3.dtproj", "{027EA8E6-C225-4F30-BD0B-370533BBCCE5}"
EndProject
Global
	GlobalSection(SolutionConfigurationPlatforms) = preSolution
		Development|Default = Development|Default
	EndGlobalSection
	GlobalSection(ProjectConfigurationPlatforms) = postSolution
		{027EA8E6-C225-4F30-BD0B-370533BBCCE5}.Development|Default.ActiveCfg = Development
		{027EA8E6-C225-4F30-BD0B-370533BBCCE5}.Development|Default.Build.0 = Development
	EndGlobalSection
	GlobalSection(SolutionProperties) = preSolution
		HideSolutionNode = FALSE
	EndGlobalSection
	GlobalSection(ExtensibilityGlobals) = postSolution
		SolutionGuid = {A9C9021C-B7A5-4D59-893E-9DDDCF80A932}
	EndGlobalSection
EndGlobal
