
Microsoft Visual Studio Solution File, Format Version 12.00
Project("{FAE04EC0-301F-11D3-BF4B-00C04F79EFBC}") = "SpecialTriagle", "SpecialTriagle\SpecialTriagle.csproj", "{3EA37641-E1DD-453E-9402-8FE891512F00}"
EndProject
Global
	GlobalSection(SolutionConfigurationPlatforms) = preSolution
		Debug|Any CPU = Debug|Any CPU
		Release|Any CPU = Release|Any CPU
	EndGlobalSection
	GlobalSection(ProjectConfigurationPlatforms) = postSolution
		{3EA37641-E1DD-453E-9402-8FE891512F00}.Debug|Any CPU.ActiveCfg = Debug|Any CPU
		{3EA37641-E1DD-453E-9402-8FE891512F00}.Debug|Any CPU.Build.0 = Debug|Any CPU
		{3EA37641-E1DD-453E-9402-8FE891512F00}.Release|Any CPU.ActiveCfg = Release|Any CPU
		{3EA37641-E1DD-453E-9402-8FE891512F00}.Release|Any CPU.Build.0 = Release|Any CPU
	EndGlobalSection
EndGlobal
