
Microsoft Visual Studio Solution File, Format Version 12.00
Project("{FAE04EC0-301F-11D3-BF4B-00C04F79EFBC}") = "ThreeSome", "ThreeSome\ThreeSome.csproj", "{8410FDA1-7A45-4E7E-B612-EF47271E124C}"
EndProject
Global
	GlobalSection(SolutionConfigurationPlatforms) = preSolution
		Debug|Any CPU = Debug|Any CPU
		Release|Any CPU = Release|Any CPU
	EndGlobalSection
	GlobalSection(ProjectConfigurationPlatforms) = postSolution
		{8410FDA1-7A45-4E7E-B612-EF47271E124C}.Debug|Any CPU.ActiveCfg = Debug|Any CPU
		{8410FDA1-7A45-4E7E-B612-EF47271E124C}.Debug|Any CPU.Build.0 = Debug|Any CPU
		{8410FDA1-7A45-4E7E-B612-EF47271E124C}.Release|Any CPU.ActiveCfg = Release|Any CPU
		{8410FDA1-7A45-4E7E-B612-EF47271E124C}.Release|Any CPU.Build.0 = Release|Any CPU
	EndGlobalSection
EndGlobal
