
Microsoft Visual Studio Solution File, Format Version 12.00
# Visual Studio Version 17
VisualStudioVersion = 17.8.34408.163
MinimumVisualStudioVersion = 10.0.40219.1
Project("{D2ABAB84-BF74-430A-B69E-9DC6D40DDA17}") = "BTChuong3", "BTChuong3\BTChuong3.dwproj", "{C97AF254-A3D0-45A1-A710-C501AD2FDDD8}"
EndProject
Global
	GlobalSection(SolutionConfigurationPlatforms) = preSolution
		Development|Default = Development|Default
	EndGlobalSection
	GlobalSection(ProjectConfigurationPlatforms) = postSolution
		{C97AF254-A3D0-45A1-A710-C501AD2FDDD8}.Development|Default.ActiveCfg = Development
		{C97AF254-A3D0-45A1-A710-C501AD2FDDD8}.Development|Default.Build.0 = Development
		{C97AF254-A3D0-45A1-A710-C501AD2FDDD8}.Development|Default.Deploy.0 = Development
	EndGlobalSection
	GlobalSection(SolutionProperties) = preSolution
		HideSolutionNode = FALSE
	EndGlobalSection
	GlobalSection(ExtensibilityGlobals) = postSolution
		SolutionGuid = {120281F4-012A-493F-8034-8E3C33D48904}
	EndGlobalSection
EndGlobal
