
Microsoft Visual Studio Solution File, Format Version 12.00
Project("{FAE04EC0-301F-11D3-BF4B-00C04F79EFBC}") = "PowerOfThreee", "PowerOfThreee\PowerOfThreee.csproj", "{89D16C47-6768-428E-AA01-2D524BF142DC}"
EndProject
Global
	GlobalSection(SolutionConfigurationPlatforms) = preSolution
		Debug|Any CPU = Debug|Any CPU
		Release|Any CPU = Release|Any CPU
	EndGlobalSection
	GlobalSection(ProjectConfigurationPlatforms) = postSolution
		{89D16C47-6768-428E-AA01-2D524BF142DC}.Debug|Any CPU.ActiveCfg = Debug|Any CPU
		{89D16C47-6768-428E-AA01-2D524BF142DC}.Debug|Any CPU.Build.0 = Debug|Any CPU
		{89D16C47-6768-428E-AA01-2D524BF142DC}.Release|Any CPU.ActiveCfg = Release|Any CPU
		{89D16C47-6768-428E-AA01-2D524BF142DC}.Release|Any CPU.Build.0 = Release|Any CPU
	EndGlobalSection
EndGlobal
