
Microsoft Visual Studio Solution File, Format Version 12.00
Project("{FAE04EC0-301F-11D3-BF4B-00C04F79EFBC}") = "CountPrimes", "CountPrimes\CountPrimes.csproj", "{BDC11D92-28D3-46B7-9204-DD024BBCE323}"
EndProject
Global
	GlobalSection(SolutionConfigurationPlatforms) = preSolution
		Debug|Any CPU = Debug|Any CPU
		Release|Any CPU = Release|Any CPU
	EndGlobalSection
	GlobalSection(ProjectConfigurationPlatforms) = postSolution
		{BDC11D92-28D3-46B7-9204-DD024BBCE323}.Debug|Any CPU.ActiveCfg = Debug|Any CPU
		{BDC11D92-28D3-46B7-9204-DD024BBCE323}.Debug|Any CPU.Build.0 = Debug|Any CPU
		{BDC11D92-28D3-46B7-9204-DD024BBCE323}.Release|Any CPU.ActiveCfg = Release|Any CPU
		{BDC11D92-28D3-46B7-9204-DD024BBCE323}.Release|Any CPU.Build.0 = Release|Any CPU
	EndGlobalSection
EndGlobal
