
Microsoft Visual Studio Solution File, Format Version 12.00
Project("{FAE04EC0-301F-11D3-BF4B-00C04F79EFBC}") = "ValidPalindrome", "ValidPalindrome\ValidPalindrome.csproj", "{83FE1332-2F82-4927-850F-529C74B39104}"
EndProject
Global
	GlobalSection(SolutionConfigurationPlatforms) = preSolution
		Debug|Any CPU = Debug|Any CPU
		Release|Any CPU = Release|Any CPU
	EndGlobalSection
	GlobalSection(ProjectConfigurationPlatforms) = postSolution
		{83FE1332-2F82-4927-850F-529C74B39104}.Debug|Any CPU.ActiveCfg = Debug|Any CPU
		{83FE1332-2F82-4927-850F-529C74B39104}.Debug|Any CPU.Build.0 = Debug|Any CPU
		{83FE1332-2F82-4927-850F-529C74B39104}.Release|Any CPU.ActiveCfg = Release|Any CPU
		{83FE1332-2F82-4927-850F-529C74B39104}.Release|Any CPU.Build.0 = Release|Any CPU
	EndGlobalSection
EndGlobal
